
Microsoft Visual Studio Solution File, Format Version 12.00
# Visual Studio 15
VisualStudioVersion = 15.0.27703.2000
MinimumVisualStudioVersion = 10.0.40219.1
Project("{FAE04EC0-301F-11D3-BF4B-00C04F79EFBC}") = "ConsoleApp1", "ConsoleApp1\ConsoleApp1.csproj", "{A90FA9CD-0EFB-4DB4-8AAA-B5C101A18577}"
EndProject
Global
	GlobalSection(SolutionConfigurationPlatforms) = preSolution
		Debug|Any CPU = Debug|Any CPU
		Release|Any CPU = Release|Any CPU
	EndGlobalSection
	GlobalSection(ProjectConfigurationPlatforms) = postSolution
		{A90FA9CD-0EFB-4DB4-8AAA-B5C101A18577}.Debug|Any CPU.ActiveCfg = Debug|Any CPU
		{A90FA9CD-0EFB-4DB4-8AAA-B5C101A18577}.Debug|Any CPU.Build.0 = Debug|Any CPU
		{A90FA9CD-0EFB-4DB4-8AAA-B5C101A18577}.Release|Any CPU.ActiveCfg = Release|Any CPU
		{A90FA9CD-0EFB-4DB4-8AAA-B5C101A18577}.Release|Any CPU.Build.0 = Release|Any CPU
	EndGlobalSection
	GlobalSection(SolutionProperties) = preSolution
		HideSolutionNode = FALSE
	EndGlobalSection
	GlobalSection(ExtensibilityGlobals) = postSolution
		SolutionGuid = {5A9480D2-426B-4822-A6CE-490AE533CBAD}
	EndGlobalSection
EndGlobal
